
Microsoft Visual Studio Solution File, Format Version 12.00
# Visual Studio Version 16
VisualStudioVersion = 16.0.31019.35
MinimumVisualStudioVersion = 10.0.40219.1
Project("{FAE04EC0-301F-11D3-BF4B-00C04F79EFBC}") = "autoservice", "autoservice\autoservice.csproj", "{FCF006D5-75C1-42F1-8153-03722319B4CE}"
EndProject
Global
	GlobalSection(SolutionConfigurationPlatforms) = preSolution
		Debug|Any CPU = Debug|Any CPU
		Release|Any CPU = Release|Any CPU
	EndGlobalSection
	GlobalSection(ProjectConfigurationPlatforms) = postSolution
		{FCF006D5-75C1-42F1-8153-03722319B4CE}.Debug|Any CPU.ActiveCfg = Debug|Any CPU
		{FCF006D5-75C1-42F1-8153-03722319B4CE}.Debug|Any CPU.Build.0 = Debug|Any CPU
		{FCF006D5-75C1-42F1-8153-03722319B4CE}.Release|Any CPU.ActiveCfg = Release|Any CPU
		{FCF006D5-75C1-42F1-8153-03722319B4CE}.Release|Any CPU.Build.0 = Release|Any CPU
	EndGlobalSection
	GlobalSection(SolutionProperties) = preSolution
		HideSolutionNode = FALSE
	EndGlobalSection
	GlobalSection(ExtensibilityGlobals) = postSolution
		SolutionGuid = {6D04CB56-31EC-4E23-AC77-0CF293D53F42}
	EndGlobalSection
EndGlobal
